{
  "name": "wx-uniapp",
  "lockfileVersion": 3,
  "requires": true,
  "packages": {
    "": {
      "dependencies": {
        "crypto-js": "^4.2.0",
        "js-base64": "^3.7.6"
      }
    },
    "node_modules/crypto-js": {
      "version": "4.2.0",
      "resolved": "https://registry.npmjs.org/crypto-js/-/crypto-js-4.2.0.tgz",
      "integrity": "sha512-KALDyEYgpY+Rlob/iriUtjV6d5Eq+Y191A5g4UqLAi8CyGP9N1+FdVbkc1SxKc2r4YAYqG8JzO2KGL+AizD70Q=="
    },
    "node_modules/js-base64": {
      "version": "3.7.6",
      "resolved": "https://registry.npmjs.org/js-base64/-/js-base64-3.7.6.tgz",
      "integrity": "sha512-NPrWuHFxFUknr1KqJRDgUQPexQF0uIJWjeT+2KjEePhitQxQEx5EJBG1lVn5/hc8aLycTpXrDOgPQ6Zq+EDiTA=="
    }
  }
}
